
Microsoft Visual Studio Solution File, Format Version 12.00
# Visual Studio Version 17
VisualStudioVersion = 17.12.35527.113
MinimumVisualStudioVersion = 10.0.40219.1
Project("{FAE04EC0-301F-11D3-BF4B-00C04F79EFBC}") = "MissAlise.WebApi", "MissAlise.WebApi\MissAlise.WebApi.csproj", "{6DFE2797-3886-492C-8D63-E0780A57B359}"
EndProject
Project("{FAE04EC0-301F-11D3-BF4B-00C04F79EFBC}") = "MissAlise.AppHost", "MissAlise.AppHost\MissAlise.AppHost.csproj", "{838409E8-D1F9-4E2F-B9AB-1D8AB43D7229}"
EndProject
Project("{FAE04EC0-301F-11D3-BF4B-00C04F79EFBC}") = "MissAlise.Shared", "MissAlise.ServiceDefaults\MissAlise.Shared.csproj", "{275DF9A6-93ED-4B70-8831-2AC2A658330B}"
EndProject
Project("{FAE04EC0-301F-11D3-BF4B-00C04F79EFBC}") = "MissAlise.Background", "MissAlise.Background\MissAlise.Background.csproj", "{7E0ABF22-9A0D-48B2-8E56-80A400081BDF}"
EndProject
Project("{FAE04EC0-301F-11D3-BF4B-00C04F79EFBC}") = "MissAlise", "MissAlise\MissAlise.csproj", "{B6871D2A-74A8-4DBD-8FB6-F18166710806}"
EndProject
Project("{2150E333-8FDC-42A3-9474-1A3956D46DE8}") = "Infrastructure", "Infrastructure", "{029C5ED3-ABC7-4423-9D81-216ABB8D6E54}"
EndProject
Project("{2150E333-8FDC-42A3-9474-1A3956D46DE8}") = "Domain", "Domain", "{E9A0D5CC-032F-42BC-8350-753FDA2CE3AE}"
EndProject
Project("{2150E333-8FDC-42A3-9474-1A3956D46DE8}") = "Application", "Application", "{7DF210E5-96C3-4716-AD1E-F321B6777F1D}"
EndProject
Project("{2150E333-8FDC-42A3-9474-1A3956D46DE8}") = "Presentation", "Presentation", "{6EDC1486-EB91-4D1F-93D6-F18BDA8D2FD0}"
EndProject
Project("{FAE04EC0-301F-11D3-BF4B-00C04F79EFBC}") = "MissAlise.DataBase", "MissAlise.DataBase\MissAlise.DataBase.csproj", "{26149FAB-CF5A-4DCF-A82A-30ECAEBAB599}"
EndProject
Project("{FAE04EC0-301F-11D3-BF4B-00C04F79EFBC}") = "MissAlise.Background.Abstractions", "MissAlise.Background.Abstractions\MissAlise.Background.Abstractions.csproj", "{92068564-7F81-4737-802A-F3E821B9ACA4}"
EndProject
Project("{FAE04EC0-301F-11D3-BF4B-00C04F79EFBC}") = "MissAlise.Worker", "MissAlise.Worker\MissAlise.Worker.csproj", "{87021025-FB55-4036-BD4C-CEA19E79DDDE}"
EndProject
Project("{FAE04EC0-301F-11D3-BF4B-00C04F79EFBC}") = "MissAlise.Bot", "MissAlise.Bot\MissAlise.Bot.csproj", "{A9802D55-765D-4E16-864F-D037E73A6C7D}"
EndProject
Project("{FAE04EC0-301F-11D3-BF4B-00C04F79EFBC}") = "MissAlise.OneDrive", "MissAlise.OneDrive\MissAlise.OneDrive.csproj", "{61462F03-5EF4-438C-A694-BE595C5D92E5}"
EndProject
Project("{FAE04EC0-301F-11D3-BF4B-00C04F79EFBC}") = "MissAlise.Application", "MissAlise.Application\MissAlise.Application.csproj", "{868C3DD9-5668-47A6-AFAF-1D091BB9011F}"
EndProject
Project("{2150E333-8FDC-42A3-9474-1A3956D46DE8}") = "Services", "Services", "{D0DD832F-37DA-40F2-B287-D871251463C6}"
EndProject
Project("{FAE04EC0-301F-11D3-BF4B-00C04F79EFBC}") = "MissAlise.PhotoService", "MissAlise.PhotoService\MissAlise.PhotoService.csproj", "{9897A2D5-9ED6-4655-9A1A-C7B59C080AA5}"
EndProject
Project("{FAE04EC0-301F-11D3-BF4B-00C04F79EFBC}") = "MissAlise.VideoService", "MissAlise.VideoService\MissAlise.VideoService.csproj", "{BB792BDD-B3E5-49DA-BF5C-6AC5E95BB671}"
EndProject
Project("{FAE04EC0-301F-11D3-BF4B-00C04F79EFBC}") = "MissAlise.Services.Common", "MissAlise.Services.Common\MissAlise.Services.Common.csproj", "{0ED57F02-1A15-478A-A630-42A4F6889E98}"
EndProject
Global
	GlobalSection(SolutionConfigurationPlatforms) = preSolution
		Debug|Any CPU = Debug|Any CPU
		Release|Any CPU = Release|Any CPU
	EndGlobalSection
	GlobalSection(ProjectConfigurationPlatforms) = postSolution
		{6DFE2797-3886-492C-8D63-E0780A57B359}.Debug|Any CPU.ActiveCfg = Debug|Any CPU
		{6DFE2797-3886-492C-8D63-E0780A57B359}.Debug|Any CPU.Build.0 = Debug|Any CPU
		{6DFE2797-3886-492C-8D63-E0780A57B359}.Release|Any CPU.ActiveCfg = Release|Any CPU
		{6DFE2797-3886-492C-8D63-E0780A57B359}.Release|Any CPU.Build.0 = Release|Any CPU
		{838409E8-D1F9-4E2F-B9AB-1D8AB43D7229}.Debug|Any CPU.ActiveCfg = Debug|Any CPU
		{838409E8-D1F9-4E2F-B9AB-1D8AB43D7229}.Debug|Any CPU.Build.0 = Debug|Any CPU
		{838409E8-D1F9-4E2F-B9AB-1D8AB43D7229}.Release|Any CPU.ActiveCfg = Release|Any CPU
		{838409E8-D1F9-4E2F-B9AB-1D8AB43D7229}.Release|Any CPU.Build.0 = Release|Any CPU
		{275DF9A6-93ED-4B70-8831-2AC2A658330B}.Debug|Any CPU.ActiveCfg = Debug|Any CPU
		{275DF9A6-93ED-4B70-8831-2AC2A658330B}.Debug|Any CPU.Build.0 = Debug|Any CPU
		{275DF9A6-93ED-4B70-8831-2AC2A658330B}.Release|Any CPU.ActiveCfg = Release|Any CPU
		{275DF9A6-93ED-4B70-8831-2AC2A658330B}.Release|Any CPU.Build.0 = Release|Any CPU
		{7E0ABF22-9A0D-48B2-8E56-80A400081BDF}.Debug|Any CPU.ActiveCfg = Debug|Any CPU
		{7E0ABF22-9A0D-48B2-8E56-80A400081BDF}.Debug|Any CPU.Build.0 = Debug|Any CPU
		{7E0ABF22-9A0D-48B2-8E56-80A400081BDF}.Release|Any CPU.ActiveCfg = Release|Any CPU
		{7E0ABF22-9A0D-48B2-8E56-80A400081BDF}.Release|Any CPU.Build.0 = Release|Any CPU
		{B6871D2A-74A8-4DBD-8FB6-F18166710806}.Debug|Any CPU.ActiveCfg = Debug|Any CPU
		{B6871D2A-74A8-4DBD-8FB6-F18166710806}.Debug|Any CPU.Build.0 = Debug|Any CPU
		{B6871D2A-74A8-4DBD-8FB6-F18166710806}.Release|Any CPU.ActiveCfg = Release|Any CPU
		{B6871D2A-74A8-4DBD-8FB6-F18166710806}.Release|Any CPU.Build.0 = Release|Any CPU
		{26149FAB-CF5A-4DCF-A82A-30ECAEBAB599}.Debug|Any CPU.ActiveCfg = Debug|Any CPU
		{26149FAB-CF5A-4DCF-A82A-30ECAEBAB599}.Debug|Any CPU.Build.0 = Debug|Any CPU
		{26149FAB-CF5A-4DCF-A82A-30ECAEBAB599}.Release|Any CPU.ActiveCfg = Release|Any CPU
		{26149FAB-CF5A-4DCF-A82A-30ECAEBAB599}.Release|Any CPU.Build.0 = Release|Any CPU
		{92068564-7F81-4737-802A-F3E821B9ACA4}.Debug|Any CPU.ActiveCfg = Debug|Any CPU
		{92068564-7F81-4737-802A-F3E821B9ACA4}.Debug|Any CPU.Build.0 = Debug|Any CPU
		{92068564-7F81-4737-802A-F3E821B9ACA4}.Release|Any CPU.ActiveCfg = Release|Any CPU
		{92068564-7F81-4737-802A-F3E821B9ACA4}.Release|Any CPU.Build.0 = Release|Any CPU
		{87021025-FB55-4036-BD4C-CEA19E79DDDE}.Debug|Any CPU.ActiveCfg = Debug|Any CPU
		{87021025-FB55-4036-BD4C-CEA19E79DDDE}.Debug|Any CPU.Build.0 = Debug|Any CPU
		{87021025-FB55-4036-BD4C-CEA19E79DDDE}.Release|Any CPU.ActiveCfg = Release|Any CPU
		{87021025-FB55-4036-BD4C-CEA19E79DDDE}.Release|Any CPU.Build.0 = Release|Any CPU
		{A9802D55-765D-4E16-864F-D037E73A6C7D}.Debug|Any CPU.ActiveCfg = Debug|Any CPU
		{A9802D55-765D-4E16-864F-D037E73A6C7D}.Debug|Any CPU.Build.0 = Debug|Any CPU
		{A9802D55-765D-4E16-864F-D037E73A6C7D}.Release|Any CPU.ActiveCfg = Release|Any CPU
		{A9802D55-765D-4E16-864F-D037E73A6C7D}.Release|Any CPU.Build.0 = Release|Any CPU
		{61462F03-5EF4-438C-A694-BE595C5D92E5}.Debug|Any CPU.ActiveCfg = Debug|Any CPU
		{61462F03-5EF4-438C-A694-BE595C5D92E5}.Debug|Any CPU.Build.0 = Debug|Any CPU
		{61462F03-5EF4-438C-A694-BE595C5D92E5}.Release|Any CPU.ActiveCfg = Release|Any CPU
		{61462F03-5EF4-438C-A694-BE595C5D92E5}.Release|Any CPU.Build.0 = Release|Any CPU
		{868C3DD9-5668-47A6-AFAF-1D091BB9011F}.Debug|Any CPU.ActiveCfg = Debug|Any CPU
		{868C3DD9-5668-47A6-AFAF-1D091BB9011F}.Debug|Any CPU.Build.0 = Debug|Any CPU
		{868C3DD9-5668-47A6-AFAF-1D091BB9011F}.Release|Any CPU.ActiveCfg = Release|Any CPU
		{868C3DD9-5668-47A6-AFAF-1D091BB9011F}.Release|Any CPU.Build.0 = Release|Any CPU
		{9897A2D5-9ED6-4655-9A1A-C7B59C080AA5}.Debug|Any CPU.ActiveCfg = Debug|Any CPU
		{9897A2D5-9ED6-4655-9A1A-C7B59C080AA5}.Debug|Any CPU.Build.0 = Debug|Any CPU
		{9897A2D5-9ED6-4655-9A1A-C7B59C080AA5}.Release|Any CPU.ActiveCfg = Release|Any CPU
		{9897A2D5-9ED6-4655-9A1A-C7B59C080AA5}.Release|Any CPU.Build.0 = Release|Any CPU
		{BB792BDD-B3E5-49DA-BF5C-6AC5E95BB671}.Debug|Any CPU.ActiveCfg = Debug|Any CPU
		{BB792BDD-B3E5-49DA-BF5C-6AC5E95BB671}.Debug|Any CPU.Build.0 = Debug|Any CPU
		{BB792BDD-B3E5-49DA-BF5C-6AC5E95BB671}.Release|Any CPU.ActiveCfg = Release|Any CPU
		{BB792BDD-B3E5-49DA-BF5C-6AC5E95BB671}.Release|Any CPU.Build.0 = Release|Any CPU
		{0ED57F02-1A15-478A-A630-42A4F6889E98}.Debug|Any CPU.ActiveCfg = Debug|Any CPU
		{0ED57F02-1A15-478A-A630-42A4F6889E98}.Debug|Any CPU.Build.0 = Debug|Any CPU
		{0ED57F02-1A15-478A-A630-42A4F6889E98}.Release|Any CPU.ActiveCfg = Release|Any CPU
		{0ED57F02-1A15-478A-A630-42A4F6889E98}.Release|Any CPU.Build.0 = Release|Any CPU
	EndGlobalSection
	GlobalSection(SolutionProperties) = preSolution
		HideSolutionNode = FALSE
	EndGlobalSection
	GlobalSection(NestedProjects) = preSolution
		{838409E8-D1F9-4E2F-B9AB-1D8AB43D7229} = {7DF210E5-96C3-4716-AD1E-F321B6777F1D}
		{B6871D2A-74A8-4DBD-8FB6-F18166710806} = {E9A0D5CC-032F-42BC-8350-753FDA2CE3AE}
		{26149FAB-CF5A-4DCF-A82A-30ECAEBAB599} = {029C5ED3-ABC7-4423-9D81-216ABB8D6E54}
		{87021025-FB55-4036-BD4C-CEA19E79DDDE} = {7DF210E5-96C3-4716-AD1E-F321B6777F1D}
		{A9802D55-765D-4E16-864F-D037E73A6C7D} = {6EDC1486-EB91-4D1F-93D6-F18BDA8D2FD0}
		{61462F03-5EF4-438C-A694-BE595C5D92E5} = {029C5ED3-ABC7-4423-9D81-216ABB8D6E54}
		{868C3DD9-5668-47A6-AFAF-1D091BB9011F} = {7DF210E5-96C3-4716-AD1E-F321B6777F1D}
		{9897A2D5-9ED6-4655-9A1A-C7B59C080AA5} = {D0DD832F-37DA-40F2-B287-D871251463C6}
		{BB792BDD-B3E5-49DA-BF5C-6AC5E95BB671} = {D0DD832F-37DA-40F2-B287-D871251463C6}
		{0ED57F02-1A15-478A-A630-42A4F6889E98} = {D0DD832F-37DA-40F2-B287-D871251463C6}
	EndGlobalSection
	GlobalSection(ExtensibilityGlobals) = postSolution
		SolutionGuid = {3F6F4408-059B-4CEF-929A-8B8BF857E56D}
	EndGlobalSection
EndGlobal
